
Microsoft Visual Studio Solution File, Format Version 12.00
# Visual Studio Version 16
VisualStudioVersion = 16.0.30503.244
MinimumVisualStudioVersion = 10.0.40219.1
Project("{9A19103F-16F7-4668-BE54-9A1E7A4F7556}") = "TMRI.Primitives", "TMRI.Primitives\TMRI.Primitives.csproj", "{8852F9A2-192D-4711-AD4D-CDE1D061B642}"
EndProject
Project("{9A19103F-16F7-4668-BE54-9A1E7A4F7556}") = "TMRI.Infrastructure", "TMRI.Infrastructure\TMRI.Infrastructure.csproj", "{4A3390FA-8996-47D9-B6F6-84ECC6238B63}"
EndProject
Project("{2150E333-8FDC-42A3-9474-1A3956D46DE8}") = "UI", "UI", "{80E9CC59-94C9-4521-B026-AB67FD60BD8F}"
EndProject
Project("{9A19103F-16F7-4668-BE54-9A1E7A4F7556}") = "TMRI.UI.Console", "UI\TMRI.UI.Console\TMRI.UI.Console.csproj", "{88D30304-F5D9-4807-849B-3E0E77CB9E73}"
EndProject
Global
	GlobalSection(SolutionConfigurationPlatforms) = preSolution
		Debug|Any CPU = Debug|Any CPU
		Release|Any CPU = Release|Any CPU
	EndGlobalSection
	GlobalSection(ProjectConfigurationPlatforms) = postSolution
		{8852F9A2-192D-4711-AD4D-CDE1D061B642}.Debug|Any CPU.ActiveCfg = Debug|Any CPU
		{8852F9A2-192D-4711-AD4D-CDE1D061B642}.Debug|Any CPU.Build.0 = Debug|Any CPU
		{8852F9A2-192D-4711-AD4D-CDE1D061B642}.Release|Any CPU.ActiveCfg = Release|Any CPU
		{8852F9A2-192D-4711-AD4D-CDE1D061B642}.Release|Any CPU.Build.0 = Release|Any CPU
		{4A3390FA-8996-47D9-B6F6-84ECC6238B63}.Debug|Any CPU.ActiveCfg = Debug|Any CPU
		{4A3390FA-8996-47D9-B6F6-84ECC6238B63}.Debug|Any CPU.Build.0 = Debug|Any CPU
		{4A3390FA-8996-47D9-B6F6-84ECC6238B63}.Release|Any CPU.ActiveCfg = Release|Any CPU
		{4A3390FA-8996-47D9-B6F6-84ECC6238B63}.Release|Any CPU.Build.0 = Release|Any CPU
		{88D30304-F5D9-4807-849B-3E0E77CB9E73}.Debug|Any CPU.ActiveCfg = Debug|Any CPU
		{88D30304-F5D9-4807-849B-3E0E77CB9E73}.Debug|Any CPU.Build.0 = Debug|Any CPU
		{88D30304-F5D9-4807-849B-3E0E77CB9E73}.Release|Any CPU.ActiveCfg = Release|Any CPU
		{88D30304-F5D9-4807-849B-3E0E77CB9E73}.Release|Any CPU.Build.0 = Release|Any CPU
	EndGlobalSection
	GlobalSection(SolutionProperties) = preSolution
		HideSolutionNode = FALSE
	EndGlobalSection
	GlobalSection(NestedProjects) = preSolution
		{88D30304-F5D9-4807-849B-3E0E77CB9E73} = {80E9CC59-94C9-4521-B026-AB67FD60BD8F}
	EndGlobalSection
	GlobalSection(ExtensibilityGlobals) = postSolution
		SolutionGuid = {E3A8A8CC-1796-4EBB-98EC-A4924C40DBB1}
	EndGlobalSection
EndGlobal
